
Microsoft Visual Studio Solution File, Format Version 12.00
# Visual Studio Version 17
VisualStudioVersion = 17.2.32519.379
MinimumVisualStudioVersion = 10.0.40219.1
Project("{FAE04EC0-301F-11D3-BF4B-00C04F79EFBC}") = "Linq_1", "Linq_1\Linq_1.csproj", "{4E0C1A24-9D19-4B50-BB45-62F4363FC91C}"
EndProject
Global
	GlobalSection(SolutionConfigurationPlatforms) = preSolution
		Debug|Any CPU = Debug|Any CPU
		Release|Any CPU = Release|Any CPU
	EndGlobalSection
	GlobalSection(ProjectConfigurationPlatforms) = postSolution
		{4E0C1A24-9D19-4B50-BB45-62F4363FC91C}.Debug|Any CPU.ActiveCfg = Debug|Any CPU
		{4E0C1A24-9D19-4B50-BB45-62F4363FC91C}.Debug|Any CPU.Build.0 = Debug|Any CPU
		{4E0C1A24-9D19-4B50-BB45-62F4363FC91C}.Release|Any CPU.ActiveCfg = Release|Any CPU
		{4E0C1A24-9D19-4B50-BB45-62F4363FC91C}.Release|Any CPU.Build.0 = Release|Any CPU
	EndGlobalSection
	GlobalSection(SolutionProperties) = preSolution
		HideSolutionNode = FALSE
	EndGlobalSection
	GlobalSection(ExtensibilityGlobals) = postSolution
		SolutionGuid = {163FE054-BDB1-48F3-B990-8D8ED904BA41}
	EndGlobalSection
EndGlobal
